
Microsoft Visual Studio Solution File, Format Version 12.00
# Visual Studio 14
VisualStudioVersion = 14.0.23107.0
MinimumVisualStudioVersion = 10.0.40219.1
Project("{FAE04EC0-301F-11D3-BF4B-00C04F79EFBC}") = "ConsoleCoreReceiver", "ConsoleCoreReceiver.csproj", "{5022FADA-B764-4478-8789-A912B8AE4135}"
EndProject
Project("{FAE04EC0-301F-11D3-BF4B-00C04F79EFBC}") = "UnitTestCoreReceiver", "..\UnitTestCoreReceiver\UnitTestCoreReceiver.csproj", "{0A1EA14A-4580-4CB4-8022-020D5A37B0BB}"
EndProject
Global
	GlobalSection(SolutionConfigurationPlatforms) = preSolution
		Debug|Any CPU = Debug|Any CPU
		Release|Any CPU = Release|Any CPU
	EndGlobalSection
	GlobalSection(ProjectConfigurationPlatforms) = postSolution
		{5022FADA-B764-4478-8789-A912B8AE4135}.Debug|Any CPU.ActiveCfg = Debug|Any CPU
		{5022FADA-B764-4478-8789-A912B8AE4135}.Debug|Any CPU.Build.0 = Debug|Any CPU
		{5022FADA-B764-4478-8789-A912B8AE4135}.Release|Any CPU.ActiveCfg = Release|Any CPU
		{5022FADA-B764-4478-8789-A912B8AE4135}.Release|Any CPU.Build.0 = Release|Any CPU
		{0A1EA14A-4580-4CB4-8022-020D5A37B0BB}.Debug|Any CPU.ActiveCfg = Debug|Any CPU
		{0A1EA14A-4580-4CB4-8022-020D5A37B0BB}.Debug|Any CPU.Build.0 = Debug|Any CPU
		{0A1EA14A-4580-4CB4-8022-020D5A37B0BB}.Release|Any CPU.ActiveCfg = Release|Any CPU
		{0A1EA14A-4580-4CB4-8022-020D5A37B0BB}.Release|Any CPU.Build.0 = Release|Any CPU
	EndGlobalSection
	GlobalSection(SolutionProperties) = preSolution
		HideSolutionNode = FALSE
	EndGlobalSection
EndGlobal
